{
  "nodes": {
    "emacs-git": {
      "flake": false,
      "locked": {
        "lastModified": 1606699994,
        "narHash": "sha256-sCgZ4IVGOn40sw9U+v5k/WXNeJRQdM0nAxAMMrXpA58=",
        "owner": "emacs-mirror",
        "repo": "emacs",
        "rev": "fa2c9421760989aef8984d86552194f5a9e97543",
        "type": "github"
      },
      "original": {
        "owner": "emacs-mirror",
        "repo": "emacs",
        "type": "github"
      }
    },
    "emacs-nativecomp": {
      "flake": false,
      "locked": {
        "lastModified": 1606659098,
        "narHash": "sha256-aVnfZ4i4QHLgxCCil9+m/V2Mvqr8kaR3awLU/Llqijw=",
        "owner": "emacs-mirror",
        "repo": "emacs",
        "rev": "6523b8401519a29ca0aefaf44c3dfa36f681f64e",
        "type": "github"
      },
      "original": {
        "owner": "emacs-mirror",
        "ref": "feature/native-comp",
        "repo": "emacs",
        "type": "github"
      }
    },
    "emacs-pgtk": {
      "flake": false,
      "locked": {
        "lastModified": 1606038698,
        "narHash": "sha256-zNk5JrwQMsS/tve+F8iPybRl3GYJPO0/hVuldRI7x7A=",
        "owner": "masm11",
        "repo": "emacs",
        "rev": "3df4ca451d41a5f1036713277ef55ca9734c6fa7",
        "type": "github"
      },
      "original": {
        "owner": "masm11",
        "ref": "pgtk",
        "repo": "emacs",
        "type": "github"
      }
    },
    "emacs-pgtk-nativecomp": {
      "flake": false,
      "locked": {
        "lastModified": 1606685856,
        "narHash": "sha256-T4A8dfXSdM4iC5FWVMslBRh9oh+mXVl9SF2VAbEK1bs=",
        "owner": "flatwhatson",
        "repo": "emacs",
        "rev": "29657ce3a69f1c49a0ce3f13b7528c8c6f7286d9",
        "type": "github"
      },
      "original": {
        "owner": "flatwhatson",
        "ref": "pgtk-nativecomp",
        "repo": "emacs",
        "type": "github"
      }
    },
    "emacs-unstable": {
      "flake": false,
      "locked": {
        "lastModified": 1606646459,
        "narHash": "sha256-S76Eful1nmx/LlrVfuBv4jS+Wv9NYcM4ECOV90ydVNo=",
        "owner": "emacs-mirror",
        "repo": "emacs",
        "rev": "9939c435c108b099d3362ecbfa1cba6cc0bbd8f9",
        "type": "github"
      },
      "original": {
        "owner": "emacs-mirror",
        "ref": "emacs-27",
        "repo": "emacs",
        "type": "github"
      }
    },
    "exwm": {
      "flake": false,
      "locked": {
        "lastModified": 1594512000,
        "narHash": "sha256-PHMHtTbKpKtFGGGtMh2SbKoK+8avh3CiDeW5jXP+TDM=",
        "owner": "ch11ng",
        "repo": "exwm",
        "rev": "0368127976bda29d35eed788edfe74644ecd3845",
        "type": "github"
      },
      "original": {
        "owner": "ch11ng",
        "repo": "exwm",
        "type": "github"
      }
    },
    "flake-compat": {
      "flake": false,
      "locked": {
        "lastModified": 1606424373,
        "narHash": "sha256-oq8d4//CJOrVj+EcOaSXvMebvuTkmBJuT5tzlfewUnQ=",
        "owner": "edolstra",
        "repo": "flake-compat",
        "rev": "99f1c2157fba4bfe6211a321fd0ee43199025dbf",
        "type": "github"
      },
      "original": {
        "owner": "edolstra",
        "repo": "flake-compat",
        "type": "github"
      }
    },
    "flake-utils": {
      "locked": {
        "lastModified": 1605370193,
        "narHash": "sha256-YyMTf3URDL/otKdKgtoMChu4vfVL3vCMkRqpGifhUn0=",
        "owner": "numtide",
        "repo": "flake-utils",
        "rev": "5021eac20303a61fafe17224c087f5519baed54d",
        "type": "github"
      },
      "original": {
        "owner": "numtide",
        "repo": "flake-utils",
        "type": "github"
      }
    },
    "nixpkgs": {
      "locked": {
        "lastModified": 1606655114,
        "narHash": "sha256-sCOycaZWoucJ15RTE31YkNnxAOUWgVO/i/0a9DkACxE=",
        "owner": "nixos",
        "repo": "nixpkgs",
        "rev": "8ee7c2505f9e7019aa69c8a6313e5f2d32a69f27",
        "type": "github"
      },
      "original": {
        "owner": "nixos",
        "ref": "nixos-unstable",
        "repo": "nixpkgs",
        "type": "github"
      }
    },
    "root": {
      "inputs": {
        "emacs-git": "emacs-git",
        "emacs-nativecomp": "emacs-nativecomp",
        "emacs-pgtk": "emacs-pgtk",
        "emacs-pgtk-nativecomp": "emacs-pgtk-nativecomp",
        "emacs-unstable": "emacs-unstable",
        "exwm": "exwm",
        "flake-compat": "flake-compat",
        "flake-utils": "flake-utils",
        "nixpkgs": "nixpkgs",
        "xelb": "xelb"
      }
    },
    "xelb": {
      "flake": false,
      "locked": {
        "lastModified": 1595116800,
        "narHash": "sha256-7Xr5UJyVxU8RatC8fo1x7WUpuY3qf/1izRMEMzR8dIM=",
        "owner": "ch11ng",
        "repo": "xelb",
        "rev": "df102a5773b37cec154e795a17a8513144dde643",
        "type": "github"
      },
      "original": {
        "owner": "ch11ng",
        "repo": "xelb",
        "type": "github"
      }
    }
  },
  "root": "root",
  "version": 7
}
