{
  "nodes": {
    "emacs-git": {
      "flake": false,
      "locked": {
        "lastModified": 1619576320,
        "narHash": "sha256-JbNJ0eBnIWtEqiJu5uVUtT7WRzoI1Xnsp63mNC9u8yA=",
        "owner": "emacs-mirror",
        "repo": "emacs",
        "rev": "a9fc30e6c2ea67d7a2faa5c218af5bcae9f31246",
        "type": "github"
      },
      "original": {
        "owner": "emacs-mirror",
        "repo": "emacs",
        "type": "github"
      }
    },
    "emacs-nativecomp": {
      "flake": false,
      "locked": {
        "lastModified": 1619269279,
        "narHash": "sha256-SZpI1hLBwjK7JXcVjfE6cEwc1gY4ElW+RsnjYXsNIRI=",
        "owner": "emacs-mirror",
        "repo": "emacs",
        "rev": "fa65c044f2ebe666467166075c1507a8d0e1347f",
        "type": "github"
      },
      "original": {
        "owner": "emacs-mirror",
        "ref": "feature/native-comp",
        "repo": "emacs",
        "type": "github"
      }
    },
    "emacs-pgtk": {
      "flake": false,
      "locked": {
        "lastModified": 1606038698,
        "narHash": "sha256-zNk5JrwQMsS/tve+F8iPybRl3GYJPO0/hVuldRI7x7A=",
        "owner": "masm11",
        "repo": "emacs",
        "rev": "3df4ca451d41a5f1036713277ef55ca9734c6fa7",
        "type": "github"
      },
      "original": {
        "owner": "masm11",
        "ref": "pgtk",
        "repo": "emacs",
        "type": "github"
      }
    },
    "emacs-pgtk-nativecomp": {
      "flake": false,
      "locked": {
        "lastModified": 1619390120,
        "narHash": "sha256-QMwNzN8KmVZdn4XQ7bR1pykwdcQfX1MYF5iToXMzBHQ=",
        "owner": "flatwhatson",
        "repo": "emacs",
        "rev": "8b51761dfda1c85c1e0b2344b005bb435117937a",
        "type": "github"
      },
      "original": {
        "owner": "flatwhatson",
        "ref": "pgtk-nativecomp",
        "repo": "emacs",
        "type": "github"
      }
    },
    "emacs-unstable": {
      "flake": false,
      "locked": {
        "lastModified": 1619299798,
        "narHash": "sha256-43WtH45+um6nA88m/kf0HtbvG082qwUsoGJTRdl3Iac=",
        "owner": "emacs-mirror",
        "repo": "emacs",
        "rev": "7d5b973959d2ab056f685996ca156bf42b742dc6",
        "type": "github"
      },
      "original": {
        "owner": "emacs-mirror",
        "ref": "emacs-27",
        "repo": "emacs",
        "type": "github"
      }
    },
    "exwm": {
      "flake": false,
      "locked": {
        "lastModified": 1594512000,
        "narHash": "sha256-PHMHtTbKpKtFGGGtMh2SbKoK+8avh3CiDeW5jXP+TDM=",
        "owner": "ch11ng",
        "repo": "exwm",
        "rev": "0368127976bda29d35eed788edfe74644ecd3845",
        "type": "github"
      },
      "original": {
        "owner": "ch11ng",
        "repo": "exwm",
        "type": "github"
      }
    },
    "flake-compat": {
      "flake": false,
      "locked": {
        "lastModified": 1606424373,
        "narHash": "sha256-oq8d4//CJOrVj+EcOaSXvMebvuTkmBJuT5tzlfewUnQ=",
        "owner": "edolstra",
        "repo": "flake-compat",
        "rev": "99f1c2157fba4bfe6211a321fd0ee43199025dbf",
        "type": "github"
      },
      "original": {
        "owner": "edolstra",
        "repo": "flake-compat",
        "type": "github"
      }
    },
    "flake-utils": {
      "locked": {
        "lastModified": 1619345332,
        "narHash": "sha256-qHnQkEp1uklKTpx3MvKtY6xzgcqXDsz5nLilbbuL+3A=",
        "owner": "numtide",
        "repo": "flake-utils",
        "rev": "2ebf2558e5bf978c7fb8ea927dfaed8fefab2e28",
        "type": "github"
      },
      "original": {
        "owner": "numtide",
        "repo": "flake-utils",
        "type": "github"
      }
    },
    "gitignore.nix": {
      "flake": false,
      "locked": {
        "lastModified": 1611672876,
        "narHash": "sha256-qHu3uZ/o9jBHiA3MEKHJ06k7w4heOhA+4HCSIvflRxo=",
        "owner": "hercules-ci",
        "repo": "gitignore.nix",
        "rev": "211907489e9f198594c0eb0ca9256a1949c9d412",
        "type": "github"
      },
      "original": {
        "owner": "hercules-ci",
        "repo": "gitignore.nix",
        "type": "github"
      }
    },
    "nixpkgs": {
      "locked": {
        "lastModified": 1619464443,
        "narHash": "sha256-R7WAb8EnkIJxxaF6GTHUPytjonhB4Zm0iatyWoW169A=",
        "owner": "nixos",
        "repo": "nixpkgs",
        "rev": "8e4fe32876ca15e3d5eb3ecd3ca0b224417f5f17",
        "type": "github"
      },
      "original": {
        "owner": "nixos",
        "ref": "nixos-unstable",
        "repo": "nixpkgs",
        "type": "github"
      }
    },
    "pre-commit-hooks.nix": {
      "flake": false,
      "locked": {
        "lastModified": 1619530134,
        "narHash": "sha256-CAideYzHuwM/uajdF0r71WgHaGMzWmKr9DUsFqTuLqI=",
        "owner": "cachix",
        "repo": "pre-commit-hooks.nix",
        "rev": "8537f4e6cf110f48cf20b8591db4190ae995f08a",
        "type": "github"
      },
      "original": {
        "owner": "cachix",
        "repo": "pre-commit-hooks.nix",
        "type": "github"
      }
    },
    "root": {
      "inputs": {
        "emacs-git": "emacs-git",
        "emacs-nativecomp": "emacs-nativecomp",
        "emacs-pgtk": "emacs-pgtk",
        "emacs-pgtk-nativecomp": "emacs-pgtk-nativecomp",
        "emacs-unstable": "emacs-unstable",
        "exwm": "exwm",
        "flake-compat": "flake-compat",
        "flake-utils": "flake-utils",
        "gitignore.nix": "gitignore.nix",
        "nixpkgs": "nixpkgs",
        "pre-commit-hooks.nix": "pre-commit-hooks.nix",
        "xelb": "xelb"
      }
    },
    "xelb": {
      "flake": false,
      "locked": {
        "lastModified": 1595116800,
        "narHash": "sha256-7Xr5UJyVxU8RatC8fo1x7WUpuY3qf/1izRMEMzR8dIM=",
        "owner": "ch11ng",
        "repo": "xelb",
        "rev": "df102a5773b37cec154e795a17a8513144dde643",
        "type": "github"
      },
      "original": {
        "owner": "ch11ng",
        "repo": "xelb",
        "type": "github"
      }
    }
  },
  "root": "root",
  "version": 7
}
